
Microsoft Visual Studio Solution File, Format Version 12.00
# Visual Studio Version 16
VisualStudioVersion = 16.0.30503.244
MinimumVisualStudioVersion = 10.0.40219.1
Project("{2150E333-8FDC-42A3-9474-1A3956D46DE8}") = "Documentation and Packages", "Documentation and Packages", "{D0AB9DC8-C485-4233-95A6-9F38C8578134}"
	ProjectSection(SolutionItems) = preProject
		docs\index.md = docs\index.md
	EndProjectSection
EndProject
Project("{9A19103F-16F7-4668-BE54-9A1E7A4F7556}") = "docs.gen", "docs.gen\docs.gen.csproj", "{FDCD9B7C-F219-4CE8-899D-033B1AB5C422}"
	ProjectSection(ProjectDependencies) = postProject
		{18CFF209-50D2-43B1-9F59-E16C9D935D02} = {18CFF209-50D2-43B1-9F59-E16C9D935D02}
		{BAB89C52-F3D4-4B7C-ABD0-B88BF6784B2E} = {BAB89C52-F3D4-4B7C-ABD0-B88BF6784B2E}
		{14545D6F-2C7B-4C31-BC98-64CDF8D5397B} = {14545D6F-2C7B-4C31-BC98-64CDF8D5397B}
		{6AF10471-ACFD-4BE1-B60F-CC05AE3A2DD4} = {6AF10471-ACFD-4BE1-B60F-CC05AE3A2DD4}
	EndProjectSection
EndProject
Project("{2150E333-8FDC-42A3-9474-1A3956D46DE8}") = "Solution Items", "Solution Items", "{EBC0FDDE-4044-4DC6-BFAC-EC0CEBC40E89}"
	ProjectSection(SolutionItems) = preProject
		.editorconfig = .editorconfig
		.gitattributes = .gitattributes
		.gitignore = .gitignore
		.gitmodules = .gitmodules
		ExapisSOP.ProjectSettings.csproj = ExapisSOP.ProjectSettings.csproj
	EndProjectSection
EndProject
Project("{9A19103F-16F7-4668-BE54-9A1E7A4F7556}") = "ExapisSOP", "ExapisSOP.csproj", "{18CFF209-50D2-43B1-9F59-E16C9D935D02}"
EndProject
Project("{9A19103F-16F7-4668-BE54-9A1E7A4F7556}") = "ExapisSOP.DemoApp", "ExapisSOP.DemoApp.csproj", "{6AF10471-ACFD-4BE1-B60F-CC05AE3A2DD4}"
EndProject
Project("{9A19103F-16F7-4668-BE54-9A1E7A4F7556}") = "ExapisSOP.NativeWrapper.Windows", "ExapisSOP.NativeWrapper.Windows.csproj", "{BAB89C52-F3D4-4B7C-ABD0-B88BF6784B2E}"
EndProject
Project("{9A19103F-16F7-4668-BE54-9A1E7A4F7556}") = "ExapisSOP.Utils", "ExapisSOP.Utils.csproj", "{14545D6F-2C7B-4C31-BC98-64CDF8D5397B}"
EndProject
Project("{9A19103F-16F7-4668-BE54-9A1E7A4F7556}") = "ExapisSOP.Tools.PackageDependencyFixer", "ExapisSOP.Tools.PackageDependencyFixer.csproj", "{CFD7978C-A190-4D9F-958A-ADC1CF509A36}"
EndProject
Global
	GlobalSection(SolutionConfigurationPlatforms) = preSolution
		Debug|Any CPU = Debug|Any CPU
		Debug|ARM = Debug|ARM
		Debug|Intel 32 Bit = Debug|Intel 32 Bit
		Debug|Intel 64 Bit = Debug|Intel 64 Bit
		Release|Any CPU = Release|Any CPU
		Release|ARM = Release|ARM
		Release|Intel 32 Bit = Release|Intel 32 Bit
		Release|Intel 64 Bit = Release|Intel 64 Bit
	EndGlobalSection
	GlobalSection(ProjectConfigurationPlatforms) = postSolution
		{FDCD9B7C-F219-4CE8-899D-033B1AB5C422}.Debug|Any CPU.ActiveCfg = Debug|Any CPU
		{FDCD9B7C-F219-4CE8-899D-033B1AB5C422}.Debug|Any CPU.Build.0 = Debug|Any CPU
		{FDCD9B7C-F219-4CE8-899D-033B1AB5C422}.Debug|ARM.ActiveCfg = Debug|Any CPU
		{FDCD9B7C-F219-4CE8-899D-033B1AB5C422}.Debug|ARM.Build.0 = Debug|Any CPU
		{FDCD9B7C-F219-4CE8-899D-033B1AB5C422}.Debug|Intel 32 Bit.ActiveCfg = Debug|Any CPU
		{FDCD9B7C-F219-4CE8-899D-033B1AB5C422}.Debug|Intel 32 Bit.Build.0 = Debug|Any CPU
		{FDCD9B7C-F219-4CE8-899D-033B1AB5C422}.Debug|Intel 64 Bit.ActiveCfg = Debug|Any CPU
		{FDCD9B7C-F219-4CE8-899D-033B1AB5C422}.Debug|Intel 64 Bit.Build.0 = Debug|Any CPU
		{FDCD9B7C-F219-4CE8-899D-033B1AB5C422}.Release|Any CPU.ActiveCfg = Release|Any CPU
		{FDCD9B7C-F219-4CE8-899D-033B1AB5C422}.Release|Any CPU.Build.0 = Release|Any CPU
		{FDCD9B7C-F219-4CE8-899D-033B1AB5C422}.Release|ARM.ActiveCfg = Release|Any CPU
		{FDCD9B7C-F219-4CE8-899D-033B1AB5C422}.Release|ARM.Build.0 = Release|Any CPU
		{FDCD9B7C-F219-4CE8-899D-033B1AB5C422}.Release|Intel 32 Bit.ActiveCfg = Release|Any CPU
		{FDCD9B7C-F219-4CE8-899D-033B1AB5C422}.Release|Intel 32 Bit.Build.0 = Release|Any CPU
		{FDCD9B7C-F219-4CE8-899D-033B1AB5C422}.Release|Intel 64 Bit.ActiveCfg = Release|Any CPU
		{FDCD9B7C-F219-4CE8-899D-033B1AB5C422}.Release|Intel 64 Bit.Build.0 = Release|Any CPU
		{18CFF209-50D2-43B1-9F59-E16C9D935D02}.Debug|Any CPU.ActiveCfg = Debug|Any CPU
		{18CFF209-50D2-43B1-9F59-E16C9D935D02}.Debug|Any CPU.Build.0 = Debug|Any CPU
		{18CFF209-50D2-43B1-9F59-E16C9D935D02}.Debug|ARM.ActiveCfg = Debug|ARM
		{18CFF209-50D2-43B1-9F59-E16C9D935D02}.Debug|ARM.Build.0 = Debug|ARM
		{18CFF209-50D2-43B1-9F59-E16C9D935D02}.Debug|Intel 32 Bit.ActiveCfg = Debug|x86
		{18CFF209-50D2-43B1-9F59-E16C9D935D02}.Debug|Intel 32 Bit.Build.0 = Debug|x86
		{18CFF209-50D2-43B1-9F59-E16C9D935D02}.Debug|Intel 64 Bit.ActiveCfg = Debug|x64
		{18CFF209-50D2-43B1-9F59-E16C9D935D02}.Debug|Intel 64 Bit.Build.0 = Debug|x64
		{18CFF209-50D2-43B1-9F59-E16C9D935D02}.Release|Any CPU.ActiveCfg = Release|Any CPU
		{18CFF209-50D2-43B1-9F59-E16C9D935D02}.Release|Any CPU.Build.0 = Release|Any CPU
		{18CFF209-50D2-43B1-9F59-E16C9D935D02}.Release|ARM.ActiveCfg = Release|ARM
		{18CFF209-50D2-43B1-9F59-E16C9D935D02}.Release|ARM.Build.0 = Release|ARM
		{18CFF209-50D2-43B1-9F59-E16C9D935D02}.Release|Intel 32 Bit.ActiveCfg = Release|x86
		{18CFF209-50D2-43B1-9F59-E16C9D935D02}.Release|Intel 32 Bit.Build.0 = Release|x86
		{18CFF209-50D2-43B1-9F59-E16C9D935D02}.Release|Intel 64 Bit.ActiveCfg = Release|x64
		{18CFF209-50D2-43B1-9F59-E16C9D935D02}.Release|Intel 64 Bit.Build.0 = Release|x64
		{6AF10471-ACFD-4BE1-B60F-CC05AE3A2DD4}.Debug|Any CPU.ActiveCfg = Debug|Any CPU
		{6AF10471-ACFD-4BE1-B60F-CC05AE3A2DD4}.Debug|Any CPU.Build.0 = Debug|Any CPU
		{6AF10471-ACFD-4BE1-B60F-CC05AE3A2DD4}.Debug|ARM.ActiveCfg = Debug|ARM
		{6AF10471-ACFD-4BE1-B60F-CC05AE3A2DD4}.Debug|ARM.Build.0 = Debug|ARM
		{6AF10471-ACFD-4BE1-B60F-CC05AE3A2DD4}.Debug|Intel 32 Bit.ActiveCfg = Debug|x86
		{6AF10471-ACFD-4BE1-B60F-CC05AE3A2DD4}.Debug|Intel 32 Bit.Build.0 = Debug|x86
		{6AF10471-ACFD-4BE1-B60F-CC05AE3A2DD4}.Debug|Intel 64 Bit.ActiveCfg = Debug|x64
		{6AF10471-ACFD-4BE1-B60F-CC05AE3A2DD4}.Debug|Intel 64 Bit.Build.0 = Debug|x64
		{6AF10471-ACFD-4BE1-B60F-CC05AE3A2DD4}.Release|Any CPU.ActiveCfg = Release|Any CPU
		{6AF10471-ACFD-4BE1-B60F-CC05AE3A2DD4}.Release|Any CPU.Build.0 = Release|Any CPU
		{6AF10471-ACFD-4BE1-B60F-CC05AE3A2DD4}.Release|ARM.ActiveCfg = Release|ARM
		{6AF10471-ACFD-4BE1-B60F-CC05AE3A2DD4}.Release|ARM.Build.0 = Release|ARM
		{6AF10471-ACFD-4BE1-B60F-CC05AE3A2DD4}.Release|Intel 32 Bit.ActiveCfg = Release|x86
		{6AF10471-ACFD-4BE1-B60F-CC05AE3A2DD4}.Release|Intel 32 Bit.Build.0 = Release|x86
		{6AF10471-ACFD-4BE1-B60F-CC05AE3A2DD4}.Release|Intel 64 Bit.ActiveCfg = Release|x64
		{6AF10471-ACFD-4BE1-B60F-CC05AE3A2DD4}.Release|Intel 64 Bit.Build.0 = Release|x64
		{BAB89C52-F3D4-4B7C-ABD0-B88BF6784B2E}.Debug|Any CPU.ActiveCfg = Debug|Any CPU
		{BAB89C52-F3D4-4B7C-ABD0-B88BF6784B2E}.Debug|Any CPU.Build.0 = Debug|Any CPU
		{BAB89C52-F3D4-4B7C-ABD0-B88BF6784B2E}.Debug|ARM.ActiveCfg = Debug|ARM
		{BAB89C52-F3D4-4B7C-ABD0-B88BF6784B2E}.Debug|ARM.Build.0 = Debug|ARM
		{BAB89C52-F3D4-4B7C-ABD0-B88BF6784B2E}.Debug|Intel 32 Bit.ActiveCfg = Debug|x86
		{BAB89C52-F3D4-4B7C-ABD0-B88BF6784B2E}.Debug|Intel 32 Bit.Build.0 = Debug|x86
		{BAB89C52-F3D4-4B7C-ABD0-B88BF6784B2E}.Debug|Intel 64 Bit.ActiveCfg = Debug|x64
		{BAB89C52-F3D4-4B7C-ABD0-B88BF6784B2E}.Debug|Intel 64 Bit.Build.0 = Debug|x64
		{BAB89C52-F3D4-4B7C-ABD0-B88BF6784B2E}.Release|Any CPU.ActiveCfg = Release|Any CPU
		{BAB89C52-F3D4-4B7C-ABD0-B88BF6784B2E}.Release|Any CPU.Build.0 = Release|Any CPU
		{BAB89C52-F3D4-4B7C-ABD0-B88BF6784B2E}.Release|ARM.ActiveCfg = Release|ARM
		{BAB89C52-F3D4-4B7C-ABD0-B88BF6784B2E}.Release|ARM.Build.0 = Release|ARM
		{BAB89C52-F3D4-4B7C-ABD0-B88BF6784B2E}.Release|Intel 32 Bit.ActiveCfg = Release|x86
		{BAB89C52-F3D4-4B7C-ABD0-B88BF6784B2E}.Release|Intel 32 Bit.Build.0 = Release|x86
		{BAB89C52-F3D4-4B7C-ABD0-B88BF6784B2E}.Release|Intel 64 Bit.ActiveCfg = Release|x64
		{BAB89C52-F3D4-4B7C-ABD0-B88BF6784B2E}.Release|Intel 64 Bit.Build.0 = Release|x64
		{14545D6F-2C7B-4C31-BC98-64CDF8D5397B}.Debug|Any CPU.ActiveCfg = Debug|Any CPU
		{14545D6F-2C7B-4C31-BC98-64CDF8D5397B}.Debug|Any CPU.Build.0 = Debug|Any CPU
		{14545D6F-2C7B-4C31-BC98-64CDF8D5397B}.Debug|ARM.ActiveCfg = Debug|ARM
		{14545D6F-2C7B-4C31-BC98-64CDF8D5397B}.Debug|ARM.Build.0 = Debug|ARM
		{14545D6F-2C7B-4C31-BC98-64CDF8D5397B}.Debug|Intel 32 Bit.ActiveCfg = Debug|x86
		{14545D6F-2C7B-4C31-BC98-64CDF8D5397B}.Debug|Intel 32 Bit.Build.0 = Debug|x86
		{14545D6F-2C7B-4C31-BC98-64CDF8D5397B}.Debug|Intel 64 Bit.ActiveCfg = Debug|x64
		{14545D6F-2C7B-4C31-BC98-64CDF8D5397B}.Debug|Intel 64 Bit.Build.0 = Debug|x64
		{14545D6F-2C7B-4C31-BC98-64CDF8D5397B}.Release|Any CPU.ActiveCfg = Release|Any CPU
		{14545D6F-2C7B-4C31-BC98-64CDF8D5397B}.Release|Any CPU.Build.0 = Release|Any CPU
		{14545D6F-2C7B-4C31-BC98-64CDF8D5397B}.Release|ARM.ActiveCfg = Release|ARM
		{14545D6F-2C7B-4C31-BC98-64CDF8D5397B}.Release|ARM.Build.0 = Release|ARM
		{14545D6F-2C7B-4C31-BC98-64CDF8D5397B}.Release|Intel 32 Bit.ActiveCfg = Release|x86
		{14545D6F-2C7B-4C31-BC98-64CDF8D5397B}.Release|Intel 32 Bit.Build.0 = Release|x86
		{14545D6F-2C7B-4C31-BC98-64CDF8D5397B}.Release|Intel 64 Bit.ActiveCfg = Release|x64
		{14545D6F-2C7B-4C31-BC98-64CDF8D5397B}.Release|Intel 64 Bit.Build.0 = Release|x64
		{CFD7978C-A190-4D9F-958A-ADC1CF509A36}.Debug|Any CPU.ActiveCfg = Debug|Any CPU
		{CFD7978C-A190-4D9F-958A-ADC1CF509A36}.Debug|Any CPU.Build.0 = Debug|Any CPU
		{CFD7978C-A190-4D9F-958A-ADC1CF509A36}.Debug|ARM.ActiveCfg = Debug|ARM
		{CFD7978C-A190-4D9F-958A-ADC1CF509A36}.Debug|ARM.Build.0 = Debug|ARM
		{CFD7978C-A190-4D9F-958A-ADC1CF509A36}.Debug|Intel 32 Bit.ActiveCfg = Debug|x86
		{CFD7978C-A190-4D9F-958A-ADC1CF509A36}.Debug|Intel 32 Bit.Build.0 = Debug|x86
		{CFD7978C-A190-4D9F-958A-ADC1CF509A36}.Debug|Intel 64 Bit.ActiveCfg = Debug|x64
		{CFD7978C-A190-4D9F-958A-ADC1CF509A36}.Debug|Intel 64 Bit.Build.0 = Debug|x64
		{CFD7978C-A190-4D9F-958A-ADC1CF509A36}.Release|Any CPU.ActiveCfg = Release|Any CPU
		{CFD7978C-A190-4D9F-958A-ADC1CF509A36}.Release|Any CPU.Build.0 = Release|Any CPU
		{CFD7978C-A190-4D9F-958A-ADC1CF509A36}.Release|ARM.ActiveCfg = Release|ARM
		{CFD7978C-A190-4D9F-958A-ADC1CF509A36}.Release|ARM.Build.0 = Release|ARM
		{CFD7978C-A190-4D9F-958A-ADC1CF509A36}.Release|Intel 32 Bit.ActiveCfg = Release|x86
		{CFD7978C-A190-4D9F-958A-ADC1CF509A36}.Release|Intel 32 Bit.Build.0 = Release|x86
		{CFD7978C-A190-4D9F-958A-ADC1CF509A36}.Release|Intel 64 Bit.ActiveCfg = Release|x64
		{CFD7978C-A190-4D9F-958A-ADC1CF509A36}.Release|Intel 64 Bit.Build.0 = Release|x64
	EndGlobalSection
	GlobalSection(SolutionProperties) = preSolution
		HideSolutionNode = FALSE
	EndGlobalSection
	GlobalSection(NestedProjects) = preSolution
		{FDCD9B7C-F219-4CE8-899D-033B1AB5C422} = {D0AB9DC8-C485-4233-95A6-9F38C8578134}
	EndGlobalSection
	GlobalSection(ExtensibilityGlobals) = postSolution
		RESX_Rules = {"EnabledRules":[]}
		RESX_NeutralResourcesLanguage = iv-IV
		SolutionGuid = {F2AB8EA9-60C4-4430-A4C9-0D337AEDBDDA}
	EndGlobalSection
EndGlobal
